github.com/beego/beego/v2 v2.2.0 h1:0L8Q5cRg+Z8YF4X3K7Y8Q9Z7X6W5V4U3T2S1R0P9O8N7M6L5K4J3I2H1G0F9E8D7C6B5A4S3D2F1G0H9J8K7L6M5N4P3Q2R1S0T9U8V7W6X5Y4Z3
github.com/beego/beego/v2 v2.2.0/go.mod h1:1A2B3C4D5E6F7G8H9I0J1K2L3M4N5O6P7Q8R9S0T1U2V3W4X5Y6Z7
github.com/go-sql-driver/mysql v1.7.1 h1:lL1m8aO0A8Kv4X7Q9Z2Y6W3U0T8S7R6P5O4N3M2L1K0J9I8H7G6F5E4D3C2B1A0
github.com/go-sql-driver/mysql v1.7.1/go.mod h1:OXbV99yQ4nO8xKvX7cZ8Y9aW7eR6qT5pS4oN3mK2jL1iF9eD8cB7aA6S5D4F3E2D1C0B
